
Microsoft Visual Studio Solution File, Format Version 12.00
# Visual Studio Version 17
VisualStudioVersion = 17.3.32901.215
MinimumVisualStudioVersion = 10.0.40219.1
Project("{FAE04EC0-301F-11D3-BF4B-00C04F79EFBC}") = "практическая работа №2", "практическая работа №2\практическая работа №2.csproj", "{AC327508-A9DA-4742-945A-72EFC6DBA329}"
EndProject
Global
	GlobalSection(SolutionConfigurationPlatforms) = preSolution
		Debug|Any CPU = Debug|Any CPU
		Release|Any CPU = Release|Any CPU
	EndGlobalSection
	GlobalSection(ProjectConfigurationPlatforms) = postSolution
		{AC327508-A9DA-4742-945A-72EFC6DBA329}.Debug|Any CPU.ActiveCfg = Debug|Any CPU
		{AC327508-A9DA-4742-945A-72EFC6DBA329}.Debug|Any CPU.Build.0 = Debug|Any CPU
		{AC327508-A9DA-4742-945A-72EFC6DBA329}.Release|Any CPU.ActiveCfg = Release|Any CPU
		{AC327508-A9DA-4742-945A-72EFC6DBA329}.Release|Any CPU.Build.0 = Release|Any CPU
	EndGlobalSection
	GlobalSection(SolutionProperties) = preSolution
		HideSolutionNode = FALSE
	EndGlobalSection
	GlobalSection(ExtensibilityGlobals) = postSolution
		SolutionGuid = {BBE16E19-308C-484E-9E42-4C482149C235}
	EndGlobalSection
EndGlobal
